// !$*UTF8*$!
{
	archiveVersion = 1;
	classes = {
	};
	objectVersion = 77;
	objects = {

/* Begin PBXContainerItemProxy section */
		4EFB5AC02DB5CEAC002843F5 /* PBXContainerItemProxy */ = {
			isa = PBXContainerItemProxy;
			containerPortal = 4EFB5AAA2DB5CEAA002843F5 /* Project object */;
			proxyType = 1;
			remoteGlobalIDString = 4EFB5AB12DB5CEAA002843F5;
			remoteInfo = NotificationsApp;
		};
		4EFB5ACA2DB5CEAC002843F5 /* PBXContainerItemProxy */ = {
			isa = PBXContainerItemProxy;
			containerPortal = 4EFB5AAA2DB5CEAA002843F5 /* Project object */;
			proxyType = 1;
			remoteGlobalIDString = 4EFB5AB12DB5CEAA002843F5;
			remoteInfo = NotificationsApp;
		};
/* End PBXContainerItemProxy section */

/* Begin PBXFileReference section */
		4EFB5AB22DB5CEAA002843F5 /* NotificationsApp.app */ = {isa = PBXFileReference; explicitFileType = wrapper.application; includeInIndex = 0; path = NotificationsApp.app; sourceTree = BUILT_PRODUCTS_DIR; };
		4EFB5ABF2DB5CEAC002843F5 /* NotificationsAppTests.xctest */ = {isa = PBXFileReference; explicitFileType = wrapper.cfbundle; includeInIndex = 0; path = NotificationsAppTests.xctest; sourceTree = BUILT_PRODUCTS_DIR; };
		4EFB5AC92DB5CEAC002843F5 /* NotificationsAppUITests.xctest */ = {isa = PBXFileReference; explicitFileType = wrapper.cfbundle; includeInIndex = 0; path = NotificationsAppUITests.xctest; sourceTree = BUILT_PRODUCTS_DIR; };
/* End PBXFileReference section */

/* Begin PBXFileSystemSynchronizedRootGroup section */
		4EFB5AB42DB5CEAA002843F5 /* NotificationsApp */ = {
			isa = PBXFileSystemSynchronizedRootGroup;
			path = NotificationsApp;
			sourceTree = "<group>";
		};
		4EFB5AC22DB5CEAC002843F5 /* NotificationsAppTests */ = {
			isa = PBXFileSystemSynchronizedRootGroup;
			path = NotificationsAppTests;
			sourceTree = "<group>";
		};
		4EFB5ACC2DB5CEAC002843F5 /* NotificationsAppUITests */ = {
			isa = PBXFileSystemSynchronizedRootGroup;
			path = NotificationsAppUITests;
			sourceTree = "<group>";
		};
/* End PBXFileSystemSynchronizedRootGroup section */

/* Begin PBXFrameworksBuildPhase section */
		4EFB5AAF2DB5CEAA002843F5 /* Frameworks */ = {
			isa = PBXFrameworksBuildPhase;
			buildActionMask = 2147483647;
			files = (
			);
			runOnlyForDeploymentPostprocessing = 0;
		};
		4EFB5ABC2DB5CEAC002843F5 /* Frameworks */ = {
			isa = PBXFrameworksBuildPhase;
			buildActionMask = 2147483647;
			files = (
			);
			runOnlyForDeploymentPostprocessing = 0;
		};
		4EFB5AC62DB5CEAC002843F5 /* Frameworks */ = {
			isa = PBXFrameworksBuildPhase;
			buildActionMask = 2147483647;
			files = (
			);
			runOnlyForDeploymentPostprocessing = 0;
		};
/* End PBXFrameworksBuildPhase section */

/* Begin PBXGroup section */
		4EFB5AA92DB5CEAA002843F5 = {
			isa = PBXGroup;
			children = (
				4EFB5AB42DB5CEAA002843F5 /* NotificationsApp */,
				4EFB5AC22DB5CEAC002843F5 /* NotificationsAppTests */,
				4EFB5ACC2DB5CEAC002843F5 /* NotificationsAppUITests */,
				4EFB5AB32DB5CEAA002843F5 /* Products */,
			);
			sourceTree = "<group>";
		};
		4EFB5AB32DB5CEAA002843F5 /* Products */ = {
			isa = PBXGroup;
			children = (
				4EFB5AB22DB5CEAA002843F5 /* NotificationsApp.app */,
				4EFB5ABF2DB5CEAC002843F5 /* NotificationsAppTests.xctest */,
				4EFB5AC92DB5CEAC002843F5 /* NotificationsAppUITests.xctest */,
			);
			name = Products;
			sourceTree = "<group>";
		};
/* End PBXGroup section */

/* Begin PBXNativeTarget section */
		4EFB5AB12DB5CEAA002843F5 /* NotificationsApp */ = {
			isa = PBXNativeTarget;
			buildConfigurationList = 4EFB5AD32DB5CEAC002843F5 /* Build configuration list for PBXNativeTarget "NotificationsApp" */;
			buildPhases = (
				4EFB5AAE2DB5CEAA002843F5 /* Sources */,
				4EFB5AAF2DB5CEAA002843F5 /* Frameworks */,
				4EFB5AB02DB5CEAA002843F5 /* Resources */,
			);
			buildRules = (
			);
			dependencies = (
			);
			fileSystemSynchronizedGroups = (
				4EFB5AB42DB5CEAA002843F5 /* NotificationsApp */,
			);
			name = NotificationsApp;
			packageProductDependencies = (
			);
			productName = NotificationsApp;
			productReference = 4EFB5AB22DB5CEAA002843F5 /* NotificationsApp.app */;
			productType = "com.apple.product-type.application";
		};
		4EFB5ABE2DB5CEAC002843F5 /* NotificationsAppTests */ = {
			isa = PBXNativeTarget;
			buildConfigurationList = 4EFB5AD62DB5CEAC002843F5 /* Build configuration list for PBXNativeTarget "NotificationsAppTests" */;
			buildPhases = (
				4EFB5ABB2DB5CEAC002843F5 /* Sources */,
				4EFB5ABC2DB5CEAC002843F5 /* Frameworks */,
				4EFB5ABD2DB5CEAC002843F5 /* Resources */,
			);
			buildRules = (
			);
			dependencies = (
				4EFB5AC12DB5CEAC002843F5 /* PBXTargetDependency */,
			);
			fileSystemSynchronizedGroups = (
				4EFB5AC22DB5CEAC002843F5 /* NotificationsAppTests */,
			);
			name = NotificationsAppTests;
			packageProductDependencies = (
			);
			productName = NotificationsAppTests;
			productReference = 4EFB5ABF2DB5CEAC002843F5 /* NotificationsAppTests.xctest */;
			productType = "com.apple.product-type.bundle.unit-test";
		};
		4EFB5AC82DB5CEAC002843F5 /* NotificationsAppUITests */ = {
			isa = PBXNativeTarget;
			buildConfigurationList = 4EFB5AD92DB5CEAC002843F5 /* Build configuration list for PBXNativeTarget "NotificationsAppUITests" */;
			buildPhases = (
				4EFB5AC52DB5CEAC002843F5 /* Sources */,
				4EFB5AC62DB5CEAC002843F5 /* Frameworks */,
				4EFB5AC72DB5CEAC002843F5 /* Resources */,
			);
			buildRules = (
			);
			dependencies = (
				4EFB5ACB2DB5CEAC002843F5 /* PBXTargetDependency */,
			);
			fileSystemSynchronizedGroups = (
				4EFB5ACC2DB5CEAC002843F5 /* NotificationsAppUITests */,
			);
			name = NotificationsAppUITests;
			packageProductDependencies = (
			);
			productName = NotificationsAppUITests;
			productReference = 4EFB5AC92DB5CEAC002843F5 /* NotificationsAppUITests.xctest */;
			productType = "com.apple.product-type.bundle.ui-testing";
		};
/* End PBXNativeTarget section */

/* Begin PBXProject section */
		4EFB5AAA2DB5CEAA002843F5 /* Project object */ = {
			isa = PBXProject;
			attributes = {
				BuildIndependentTargetsInParallel = 1;
				LastSwiftUpdateCheck = 1630;
				LastUpgradeCheck = 1630;
				TargetAttributes = {
					4EFB5AB12DB5CEAA002843F5 = {
						CreatedOnToolsVersion = 16.3;
					};
					4EFB5ABE2DB5CEAC002843F5 = {
						CreatedOnToolsVersion = 16.3;
						TestTargetID = 4EFB5AB12DB5CEAA002843F5;
					};
					4EFB5AC82DB5CEAC002843F5 = {
						CreatedOnToolsVersion = 16.3;
						TestTargetID = 4EFB5AB12DB5CEAA002843F5;
					};
				};
			};
			buildConfigurationList = 4EFB5AAD2DB5CEAA002843F5 /* Build configuration list for PBXProject "NotificationsApp" */;
			developmentRegion = en;
			hasScannedForEncodings = 0;
			knownRegions = (
				en,
				Base,
			);
			mainGroup = 4EFB5AA92DB5CEAA002843F5;
			minimizedProjectReferenceProxies = 1;
			preferredProjectObjectVersion = 77;
			productRefGroup = 4EFB5AB32DB5CEAA002843F5 /* Products */;
			projectDirPath = "";
			projectRoot = "";
			targets = (
				4EFB5AB12DB5CEAA002843F5 /* NotificationsApp */,
				4EFB5ABE2DB5CEAC002843F5 /* NotificationsAppTests */,
				4EFB5AC82DB5CEAC002843F5 /* NotificationsAppUITests */,
			);
		};
/* End PBXProject section */

/* Begin PBXResourcesBuildPhase section */
		4EFB5AB02DB5CEAA002843F5 /* Resources */ = {
			isa = PBXResourcesBuildPhase;
			buildActionMask = 2147483647;
			files = (
			);
			runOnlyForDeploymentPostprocessing = 0;
		};
		4EFB5ABD2DB5CEAC002843F5 /* Resources */ = {
			isa = PBXResourcesBuildPhase;
			buildActionMask = 2147483647;
			files = (
			);
			runOnlyForDeploymentPostprocessing = 0;
		};
		4EFB5AC72DB5CEAC002843F5 /* Resources */ = {
			isa = PBXResourcesBuildPhase;
			buildActionMask = 2147483647;
			files = (
			);
			runOnlyForDeploymentPostprocessing = 0;
		};
/* End PBXResourcesBuildPhase section */

/* Begin PBXSourcesBuildPhase section */
		4EFB5AAE2DB5CEAA002843F5 /* Sources */ = {
			isa = PBXSourcesBuildPhase;
			buildActionMask = 2147483647;
			files = (
			);
			runOnlyForDeploymentPostprocessing = 0;
		};
		4EFB5ABB2DB5CEAC002843F5 /* Sources */ = {
			isa = PBXSourcesBuildPhase;
			buildActionMask = 2147483647;
			files = (
			);
			runOnlyForDeploymentPostprocessing = 0;
		};
		4EFB5AC52DB5CEAC002843F5 /* Sources */ = {
			isa = PBXSourcesBuildPhase;
			buildActionMask = 2147483647;
			files = (
			);
			runOnlyForDeploymentPostprocessing = 0;
		};
/* End PBXSourcesBuildPhase section */

/* Begin PBXTargetDependency section */
		4EFB5AC12DB5CEAC002843F5 /* PBXTargetDependency */ = {
			isa = PBXTargetDependency;
			target = 4EFB5AB12DB5CEAA002843F5 /* NotificationsApp */;
			targetProxy = 4EFB5AC02DB5CEAC002843F5 /* PBXContainerItemProxy */;
		};
		4EFB5ACB2DB5CEAC002843F5 /* PBXTargetDependency */ = {
			isa = PBXTargetDependency;
			target = 4EFB5AB12DB5CEAA002843F5 /* NotificationsApp */;
			targetProxy = 4EFB5ACA2DB5CEAC002843F5 /* PBXContainerItemProxy */;
		};
/* End PBXTargetDependency section */

/* Begin XCBuildConfiguration section */
		4EFB5AD12DB5CEAC002843F5 /* Debug */ = {
			isa = XCBuildConfiguration;
			buildSettings = {
				ALWAYS_SEARCH_USER_PATHS = NO;
				ASSETCATALOG_COMPILER_GENERATE_SWIFT_ASSET_SYMBOL_EXTENSIONS = YES;
				CLANG_ANALYZER_NONNULL = YES;
				CLANG_ANALYZER_NUMBER_OBJECT_CONVERSION = YES_AGGRESSIVE;
				CLANG_CXX_LANGUAGE_STANDARD = "gnu++20";
				CLANG_ENABLE_MODULES = YES;
				CLANG_ENABLE_OBJC_ARC = YES;
				CLANG_ENABLE_OBJC_WEAK = YES;
				CLANG_WARN_BLOCK_CAPTURE_AUTORELEASING = YES;
				CLANG_WARN_BOOL_CONVERSION = YES;
				CLANG_WARN_COMMA = YES;
				CLANG_WARN_CONSTANT_CONVERSION = YES;
				CLANG_WARN_DEPRECATED_OBJC_IMPLEMENTATIONS = YES;
				CLANG_WARN_DIRECT_OBJC_ISA_USAGE = YES_ERROR;
				CLANG_WARN_DOCUMENTATION_COMMENTS = YES;
				CLANG_WARN_EMPTY_BODY = YES;
				CLANG_WARN_ENUM_CONVERSION = YES;
				CLANG_WARN_INFINITE_RECURSION = YES;
				CLANG_WARN_INT_CONVERSION = YES;
				CLANG_WARN_NON_LITERAL_NULL_CONVERSION = YES;
				CLANG_WARN_OBJC_IMPLICIT_RETAIN_SELF = YES;
				CLANG_WARN_OBJC_LITERAL_CONVERSION = YES;
				CLANG_WARN_OBJC_ROOT_CLASS = YES_ERROR;
				CLANG_WARN_QUOTED_INCLUDE_IN_FRAMEWORK_HEADER = YES;
				CLANG_WARN_RANGE_LOOP_ANALYSIS = YES;
				CLANG_WARN_STRICT_PROTOTYPES = YES;
				CLANG_WARN_SUSPICIOUS_MOVE = YES;
				CLANG_WARN_UNGUARDED_AVAILABILITY = YES_AGGRESSIVE;
				CLANG_WARN_UNREACHABLE_CODE = YES;
				CLANG_WARN__DUPLICATE_METHOD_MATCH = YES;
				COPY_PHASE_STRIP = NO;
				DEBUG_INFORMATION_FORMAT = dwarf;
				ENABLE_STRICT_OBJC_MSGSEND = YES;
				ENABLE_TESTABILITY = YES;
				ENABLE_USER_SCRIPT_SANDBOXING = YES;
				GCC_C_LANGUAGE_STANDARD = gnu17;
				GCC_DYNAMIC_NO_PIC = NO;
				GCC_NO_COMMON_BLOCKS = YES;
				GCC_OPTIMIZATION_LEVEL = 0;
				GCC_PREPROCESSOR_DEFINITIONS = (
					"DEBUG=1",
					"$(inherited)",
				);
				GCC_WARN_64_TO_32_BIT_CONVERSION = YES;
				GCC_WARN_ABOUT_RETURN_TYPE = YES_ERROR;
				GCC_WARN_UNDECLARED_SELECTOR = YES;
				GCC_WARN_UNINITIALIZED_AUTOS = YES_AGGRESSIVE;
				GCC_WARN_UNUSED_FUNCTION = YES;
				GCC_WARN_UNUSED_VARIABLE = YES;
				IPHONEOS_DEPLOYMENT_TARGET = 18.4;
				LOCALIZATION_PREFERS_STRING_CATALOGS = YES;
				MTL_ENABLE_DEBUG_INFO = INCLUDE_SOURCE;
				MTL_FAST_MATH = YES;
				ONLY_ACTIVE_ARCH = YES;
				SDKROOT = iphoneos;
				SWIFT_ACTIVE_COMPILATION_CONDITIONS = "DEBUG $(inherited)";
				SWIFT_OPTIMIZATION_LEVEL = "-Onone";
			};
			name = Debug;
		};
		4EFB5AD22DB5CEAC002843F5 /* Release */ = {
			isa = XCBuildConfiguration;
			buildSettings = {
				ALWAYS_SEARCH_USER_PATHS = NO;
				ASSETCATALOG_COMPILER_GENERATE_SWIFT_ASSET_SYMBOL_EXTENSIONS = YES;
				CLANG_ANALYZER_NONNULL = YES;
				CLANG_ANALYZER_NUMBER_OBJECT_CONVERSION = YES_AGGRESSIVE;
				CLANG_CXX_LANGUAGE_STANDARD = "gnu++20";
				CLANG_ENABLE_MODULES = YES;
				CLANG_ENABLE_OBJC_ARC = YES;
				CLANG_ENABLE_OBJC_WEAK = YES;
				CLANG_WARN_BLOCK_CAPTURE_AUTORELEASING = YES;
				CLANG_WARN_BOOL_CONVERSION = YES;
				CLANG_WARN_COMMA = YES;
				CLANG_WARN_CONSTANT_CONVERSION = YES;
				CLANG_WARN_DEPRECATED_OBJC_IMPLEMENTATIONS = YES;
				CLANG_WARN_DIRECT_OBJC_ISA_USAGE = YES_ERROR;
				CLANG_WARN_DOCUMENTATION_COMMENTS = YES;
				CLANG_WARN_EMPTY_BODY = YES;
				CLANG_WARN_ENUM_CONVERSION = YES;
				CLANG_WARN_INFINITE_RECURSION = YES;
				CLANG_WARN_INT_CONVERSION = YES;
				CLANG_WARN_NON_LITERAL_NULL_CONVERSION = YES;
				CLANG_WARN_OBJC_IMPLICIT_RETAIN_SELF = YES;
				CLANG_WARN_OBJC_LITERAL_CONVERSION = YES;
				CLANG_WARN_OBJC_ROOT_CLASS = YES_ERROR;
				CLANG_WARN_QUOTED_INCLUDE_IN_FRAMEWORK_HEADER = YES;
				CLANG_WARN_RANGE_LOOP_ANALYSIS = YES;
				CLANG_WARN_STRICT_PROTOTYPES = YES;
				CLANG_WARN_SUSPICIOUS_MOVE = YES;
				CLANG_WARN_UNGUARDED_AVAILABILITY = YES_AGGRESSIVE;
				CLANG_WARN_UNREACHABLE_CODE = YES;
				CLANG_WARN__DUPLICATE_METHOD_MATCH = YES;
				COPY_PHASE_STRIP = NO;
				DEBUG_INFORMATION_FORMAT = "dwarf-with-dsym";
				ENABLE_NS_ASSERTIONS = NO;
				ENABLE_STRICT_OBJC_MSGSEND = YES;
				ENABLE_USER_SCRIPT_SANDBOXING = YES;
				GCC_C_LANGUAGE_STANDARD = gnu17;
				GCC_NO_COMMON_BLOCKS = YES;
				GCC_WARN_64_TO_32_BIT_CONVERSION = YES;
				GCC_WARN_ABOUT_RETURN_TYPE = YES_ERROR;
				GCC_WARN_UNDECLARED_SELECTOR = YES;
				GCC_WARN_UNINITIALIZED_AUTOS = YES_AGGRESSIVE;
				GCC_WARN_UNUSED_FUNCTION = YES;
				GCC_WARN_UNUSED_VARIABLE = YES;
				IPHONEOS_DEPLOYMENT_TARGET = 18.4;
				LOCALIZATION_PREFERS_STRING_CATALOGS = YES;
				MTL_ENABLE_DEBUG_INFO = NO;
				MTL_FAST_MATH = YES;
				SDKROOT = iphoneos;
				SWIFT_COMPILATION_MODE = wholemodule;
				VALIDATE_PRODUCT = YES;
			};
			name = Release;
		};
		4EFB5AD42DB5CEAC002843F5 /* Debug */ = {
			isa = XCBuildConfiguration;
			buildSettings = {
				ASSETCATALOG_COMPILER_APPICON_NAME = AppIcon;
				ASSETCATALOG_COMPILER_GLOBAL_ACCENT_COLOR_NAME = AccentColor;
				CODE_SIGN_STYLE = Automatic;
				CURRENT_PROJECT_VERSION = 1;
				ENABLE_PREVIEWS = YES;
				GENERATE_INFOPLIST_FILE = YES;
				INFOPLIST_KEY_UIApplicationSceneManifest_Generation = YES;
				INFOPLIST_KEY_UIApplicationSupportsIndirectInputEvents = YES;
				INFOPLIST_KEY_UILaunchScreen_Generation = YES;
				INFOPLIST_KEY_UISupportedInterfaceOrientations_iPad = "UIInterfaceOrientationPortrait UIInterfaceOrientationPortraitUpsideDown UIInterfaceOrientationLandscapeLeft UIInterfaceOrientationLandscapeRight";
				INFOPLIST_KEY_UISupportedInterfaceOrientations_iPhone = "UIInterfaceOrientationPortrait UIInterfaceOrientationLandscapeLeft UIInterfaceOrientationLandscapeRight";
				LD_RUNPATH_SEARCH_PATHS = (
					"$(inherited)",
					"@executable_path/Frameworks",
				);
				MARKETING_VERSION = 1.0;
				PRODUCT_BUNDLE_IDENTIFIER = com.NotificationsApp.NotificationsApp;
				PRODUCT_NAME = "$(TARGET_NAME)";
				SWIFT_EMIT_LOC_STRINGS = YES;
				SWIFT_VERSION = 5.0;
				TARGETED_DEVICE_FAMILY = "1,2";
			};
			name = Debug;
		};
		4EFB5AD52DB5CEAC002843F5 /* Release */ = {
			isa = XCBuildConfiguration;
			buildSettings = {
				ASSETCATALOG_COMPILER_APPICON_NAME = AppIcon;
				ASSETCATALOG_COMPILER_GLOBAL_ACCENT_COLOR_NAME = AccentColor;
				CODE_SIGN_STYLE = Automatic;
				CURRENT_PROJECT_VERSION = 1;
				ENABLE_PREVIEWS = YES;
				GENERATE_INFOPLIST_FILE = YES;
				INFOPLIST_KEY_UIApplicationSceneManifest_Generation = YES;
				INFOPLIST_KEY_UIApplicationSupportsIndirectInputEvents = YES;
				INFOPLIST_KEY_UILaunchScreen_Generation = YES;
				INFOPLIST_KEY_UISupportedInterfaceOrientations_iPad = "UIInterfaceOrientationPortrait UIInterfaceOrientationPortraitUpsideDown UIInterfaceOrientationLandscapeLeft UIInterfaceOrientationLandscapeRight";
				INFOPLIST_KEY_UISupportedInterfaceOrientations_iPhone = "UIInterfaceOrientationPortrait UIInterfaceOrientationLandscapeLeft UIInterfaceOrientationLandscapeRight";
				LD_RUNPATH_SEARCH_PATHS = (
					"$(inherited)",
					"@executable_path/Frameworks",
				);
				MARKETING_VERSION = 1.0;
				PRODUCT_BUNDLE_IDENTIFIER = com.NotificationsApp.NotificationsApp;
				PRODUCT_NAME = "$(TARGET_NAME)";
				SWIFT_EMIT_LOC_STRINGS = YES;
				SWIFT_VERSION = 5.0;
				TARGETED_DEVICE_FAMILY = "1,2";
			};
			name = Release;
		};
		4EFB5AD72DB5CEAC002843F5 /* Debug */ = {
			isa = XCBuildConfiguration;
			buildSettings = {
				BUNDLE_LOADER = "$(TEST_HOST)";
				CODE_SIGN_STYLE = Automatic;
				CURRENT_PROJECT_VERSION = 1;
				GENERATE_INFOPLIST_FILE = YES;
				IPHONEOS_DEPLOYMENT_TARGET = 18.4;
				MARKETING_VERSION = 1.0;
				PRODUCT_BUNDLE_IDENTIFIER = com.NotificationsApp.NotificationsAppTests;
				PRODUCT_NAME = "$(TARGET_NAME)";
				SWIFT_EMIT_LOC_STRINGS = NO;
				SWIFT_VERSION = 5.0;
				TARGETED_DEVICE_FAMILY = "1,2";
				TEST_HOST = "$(BUILT_PRODUCTS_DIR)/NotificationsApp.app/$(BUNDLE_EXECUTABLE_FOLDER_PATH)/NotificationsApp";
			};
			name = Debug;
		};
		4EFB5AD82DB5CEAC002843F5 /* Release */ = {
			isa = XCBuildConfiguration;
			buildSettings = {
				BUNDLE_LOADER = "$(TEST_HOST)";
				CODE_SIGN_STYLE = Automatic;
				CURRENT_PROJECT_VERSION = 1;
				GENERATE_INFOPLIST_FILE = YES;
				IPHONEOS_DEPLOYMENT_TARGET = 18.4;
				MARKETING_VERSION = 1.0;
				PRODUCT_BUNDLE_IDENTIFIER = com.NotificationsApp.NotificationsAppTests;
				PRODUCT_NAME = "$(TARGET_NAME)";
				SWIFT_EMIT_LOC_STRINGS = NO;
				SWIFT_VERSION = 5.0;
				TARGETED_DEVICE_FAMILY = "1,2";
				TEST_HOST = "$(BUILT_PRODUCTS_DIR)/NotificationsApp.app/$(BUNDLE_EXECUTABLE_FOLDER_PATH)/NotificationsApp";
			};
			name = Release;
		};
		4EFB5ADA2DB5CEAC002843F5 /* Debug */ = {
			isa = XCBuildConfiguration;
			buildSettings = {
				CODE_SIGN_STYLE = Automatic;
				CURRENT_PROJECT_VERSION = 1;
				GENERATE_INFOPLIST_FILE = YES;
				MARKETING_VERSION = 1.0;
				PRODUCT_BUNDLE_IDENTIFIER = com.NotificationsApp.NotificationsAppUITests;
				PRODUCT_NAME = "$(TARGET_NAME)";
				SWIFT_EMIT_LOC_STRINGS = NO;
				SWIFT_VERSION = 5.0;
				TARGETED_DEVICE_FAMILY = "1,2";
				TEST_TARGET_NAME = NotificationsApp;
			};
			name = Debug;
		};
		4EFB5ADB2DB5CEAC002843F5 /* Release */ = {
			isa = XCBuildConfiguration;
			buildSettings = {
				CODE_SIGN_STYLE = Automatic;
				CURRENT_PROJECT_VERSION = 1;
				GENERATE_INFOPLIST_FILE = YES;
				MARKETING_VERSION = 1.0;
				PRODUCT_BUNDLE_IDENTIFIER = com.NotificationsApp.NotificationsAppUITests;
				PRODUCT_NAME = "$(TARGET_NAME)";
				SWIFT_EMIT_LOC_STRINGS = NO;
				SWIFT_VERSION = 5.0;
				TARGETED_DEVICE_FAMILY = "1,2";
				TEST_TARGET_NAME = NotificationsApp;
			};
			name = Release;
		};
/* End XCBuildConfiguration section */

/* Begin XCConfigurationList section */
		4EFB5AAD2DB5CEAA002843F5 /* Build configuration list for PBXProject "NotificationsApp" */ = {
			isa = XCConfigurationList;
			buildConfigurations = (
				4EFB5AD12DB5CEAC002843F5 /* Debug */,
				4EFB5AD22DB5CEAC002843F5 /* Release */,
			);
			defaultConfigurationIsVisible = 0;
			defaultConfigurationName = Release;
		};
		4EFB5AD32DB5CEAC002843F5 /* Build configuration list for PBXNativeTarget "NotificationsApp" */ = {
			isa = XCConfigurationList;
			buildConfigurations = (
				4EFB5AD42DB5CEAC002843F5 /* Debug */,
				4EFB5AD52DB5CEAC002843F5 /* Release */,
			);
			defaultConfigurationIsVisible = 0;
			defaultConfigurationName = Release;
		};
		4EFB5AD62DB5CEAC002843F5 /* Build configuration list for PBXNativeTarget "NotificationsAppTests" */ = {
			isa = XCConfigurationList;
			buildConfigurations = (
				4EFB5AD72DB5CEAC002843F5 /* Debug */,
				4EFB5AD82DB5CEAC002843F5 /* Release */,
			);
			defaultConfigurationIsVisible = 0;
			defaultConfigurationName = Release;
		};
		4EFB5AD92DB5CEAC002843F5 /* Build configuration list for PBXNativeTarget "NotificationsAppUITests" */ = {
			isa = XCConfigurationList;
			buildConfigurations = (
				4EFB5ADA2DB5CEAC002843F5 /* Debug */,
				4EFB5ADB2DB5CEAC002843F5 /* Release */,
			);
			defaultConfigurationIsVisible = 0;
			defaultConfigurationName = Release;
		};
/* End XCConfigurationList section */
	};
	rootObject = 4EFB5AAA2DB5CEAA002843F5 /* Project object */;
}
